
Microsoft Visual Studio Solution File, Format Version 12.00
# Visual Studio Version 17
VisualStudioVersion = 17.3.32929.385
MinimumVisualStudioVersion = 10.0.40219.1
Project("{FAE04EC0-301F-11D3-BF4B-00C04F79EFBC}") = "ASM_1_NET103_LOITQPH26025", "ASM_1_NET103_LOITQPH26025\ASM_1_NET103_LOITQPH26025.csproj", "{1E712523-7BA3-43BE-BB53-A1006B6AEC4E}"
EndProject
Global
	GlobalSection(SolutionConfigurationPlatforms) = preSolution
		Debug|Any CPU = Debug|Any CPU
		Release|Any CPU = Release|Any CPU
	EndGlobalSection
	GlobalSection(ProjectConfigurationPlatforms) = postSolution
		{1E712523-7BA3-43BE-BB53-A1006B6AEC4E}.Debug|Any CPU.ActiveCfg = Debug|Any CPU
		{1E712523-7BA3-43BE-BB53-A1006B6AEC4E}.Debug|Any CPU.Build.0 = Debug|Any CPU
		{1E712523-7BA3-43BE-BB53-A1006B6AEC4E}.Release|Any CPU.ActiveCfg = Release|Any CPU
		{1E712523-7BA3-43BE-BB53-A1006B6AEC4E}.Release|Any CPU.Build.0 = Release|Any CPU
	EndGlobalSection
	GlobalSection(SolutionProperties) = preSolution
		HideSolutionNode = FALSE
	EndGlobalSection
	GlobalSection(ExtensibilityGlobals) = postSolution
		SolutionGuid = {B277BC9D-1ED6-49E4-BBCA-7CE9A32D8EA0}
	EndGlobalSection
EndGlobal
